// !$*UTF8*$!
{
	archiveVersion = 1;
	classes = {
	};
	objectVersion = 50;
	objects = {

/* Begin PBXAggregateTarget section */
		0A3C26CA2265A4BC00C23ABE /* Aggregate */ = {
			isa = PBXAggregateTarget;
			buildConfigurationList = 0A3C26CB2265A4BC00C23ABE /* Build configuration list for PBXAggregateTarget "Aggregate" */;
			buildPhases = (
				0A3C26D02265A4DD00C23ABE /* ShellScript */,
			);
			dependencies = (
				0A3C26CF2265A4D100C23ABE /* PBXTargetDependency */,
			);
			name = Aggregate;
			productName = Aggregate;
		};
/* End PBXAggregateTarget section */

/* Begin PBXBuildFile section */
		0A209CEF22644BC9005E7B8B /* BookObtain.m in Sources */ = {isa = PBXBuildFile; fileRef = 0A209CEE22644BC9005E7B8B /* BookObtain.m */; };
		0A209CF022644BC9005E7B8B /* BookObtain.h in CopyFiles */ = {isa = PBXBuildFile; fileRef = 0A209CED22644BC9005E7B8B /* BookObtain.h */; };
/* End PBXBuildFile section */

/* Begin PBXContainerItemProxy section */
		0A3C26CE2265A4D100C23ABE /* PBXContainerItemProxy */ = {
			isa = PBXContainerItemProxy;
			containerPortal = 0A209CE222644BC9005E7B8B /* Project object */;
			proxyType = 1;
			remoteGlobalIDString = 0A209CE922644BC9005E7B8B;
			remoteInfo = BookObtain;
		};
/* End PBXContainerItemProxy section */

/* Begin PBXCopyFilesBuildPhase section */
		0A209CE822644BC9005E7B8B /* CopyFiles */ = {
			isa = PBXCopyFilesBuildPhase;
			buildActionMask = 2147483647;
			dstPath = "include/$(PRODUCT_NAME)";
			dstSubfolderSpec = 16;
			files = (
				0A209CF022644BC9005E7B8B /* BookObtain.h in CopyFiles */,
			);
			runOnlyForDeploymentPostprocessing = 0;
		};
/* End PBXCopyFilesBuildPhase section */

/* Begin PBXFileReference section */
		0A209CEA22644BC9005E7B8B /* libBookObtain.a */ = {isa = PBXFileReference; explicitFileType = archive.ar; includeInIndex = 0; path = libBookObtain.a; sourceTree = BUILT_PRODUCTS_DIR; };
		0A209CED22644BC9005E7B8B /* BookObtain.h */ = {isa = PBXFileReference; lastKnownFileType = sourcecode.c.h; path = BookObtain.h; sourceTree = "<group>"; };
		0A209CEE22644BC9005E7B8B /* BookObtain.m */ = {isa = PBXFileReference; lastKnownFileType = sourcecode.c.objc; path = BookObtain.m; sourceTree = "<group>"; };
		0A3C26B322659D4100C23ABE /* BookObtainBundle.h */ = {isa = PBXFileReference; lastKnownFileType = sourcecode.c.h; path = BookObtainBundle.h; sourceTree = "<group>"; };
		0A3C26B422659D4100C23ABE /* Info.plist */ = {isa = PBXFileReference; lastKnownFileType = text.plist.xml; path = Info.plist; sourceTree = "<group>"; };
		0A3C26BE22659D4100C23ABE /* BookObtainBundleTests.m */ = {isa = PBXFileReference; lastKnownFileType = sourcecode.c.objc; path = BookObtainBundleTests.m; sourceTree = "<group>"; };
		0A3C26C022659D4100C23ABE /* Info.plist */ = {isa = PBXFileReference; lastKnownFileType = text.plist.xml; path = Info.plist; sourceTree = "<group>"; };
/* End PBXFileReference section */

/* Begin PBXFrameworksBuildPhase section */
		0A209CE722644BC9005E7B8B /* Frameworks */ = {
			isa = PBXFrameworksBuildPhase;
			buildActionMask = 2147483647;
			files = (
			);
			runOnlyForDeploymentPostprocessing = 0;
		};
/* End PBXFrameworksBuildPhase section */

/* Begin PBXGroup section */
		0A209CE122644BC9005E7B8B = {
			isa = PBXGroup;
			children = (
				0A209CEC22644BC9005E7B8B /* BookObtain */,
				0A3C26B222659D4100C23ABE /* BookObtainBundle */,
				0A3C26BD22659D4100C23ABE /* BookObtainBundleTests */,
				0A209CEB22644BC9005E7B8B /* Products */,
			);
			sourceTree = "<group>";
		};
		0A209CEB22644BC9005E7B8B /* Products */ = {
			isa = PBXGroup;
			children = (
				0A209CEA22644BC9005E7B8B /* libBookObtain.a */,
			);
			name = Products;
			sourceTree = "<group>";
		};
		0A209CEC22644BC9005E7B8B /* BookObtain */ = {
			isa = PBXGroup;
			children = (
				0A209CED22644BC9005E7B8B /* BookObtain.h */,
				0A209CEE22644BC9005E7B8B /* BookObtain.m */,
			);
			path = BookObtain;
			sourceTree = "<group>";
		};
		0A3C26B222659D4100C23ABE /* BookObtainBundle */ = {
			isa = PBXGroup;
			children = (
				0A3C26B322659D4100C23ABE /* BookObtainBundle.h */,
				0A3C26B422659D4100C23ABE /* Info.plist */,
			);
			path = BookObtainBundle;
			sourceTree = "<group>";
		};
		0A3C26BD22659D4100C23ABE /* BookObtainBundleTests */ = {
			isa = PBXGroup;
			children = (
				0A3C26BE22659D4100C23ABE /* BookObtainBundleTests.m */,
				0A3C26C022659D4100C23ABE /* Info.plist */,
			);
			path = BookObtainBundleTests;
			sourceTree = "<group>";
		};
/* End PBXGroup section */

/* Begin PBXNativeTarget section */
		0A209CE922644BC9005E7B8B /* BookObtain */ = {
			isa = PBXNativeTarget;
			buildConfigurationList = 0A209CF322644BC9005E7B8B /* Build configuration list for PBXNativeTarget "BookObtain" */;
			buildPhases = (
				0A209CE622644BC9005E7B8B /* Sources */,
				0A209CE722644BC9005E7B8B /* Frameworks */,
				0A209CE822644BC9005E7B8B /* CopyFiles */,
			);
			buildRules = (
			);
			dependencies = (
			);
			name = BookObtain;
			productName = BookObtain;
			productReference = 0A209CEA22644BC9005E7B8B /* libBookObtain.a */;
			productType = "com.apple.product-type.library.static";
		};
/* End PBXNativeTarget section */

/* Begin PBXProject section */
		0A209CE222644BC9005E7B8B /* Project object */ = {
			isa = PBXProject;
			attributes = {
				LastUpgradeCheck = 1020;
				ORGANIZATIONNAME = JL;
				TargetAttributes = {
					0A209CE922644BC9005E7B8B = {
						CreatedOnToolsVersion = 10.2;
					};
					0A3C26CA2265A4BC00C23ABE = {
						CreatedOnToolsVersion = 10.2;
					};
				};
			};
			buildConfigurationList = 0A209CE522644BC9005E7B8B /* Build configuration list for PBXProject "BookObtain" */;
			compatibilityVersion = "Xcode 9.3";
			developmentRegion = en;
			hasScannedForEncodings = 0;
			knownRegions = (
				en,
			);
			mainGroup = 0A209CE122644BC9005E7B8B;
			productRefGroup = 0A209CEB22644BC9005E7B8B /* Products */;
			projectDirPath = "";
			projectRoot = "";
			targets = (
				0A209CE922644BC9005E7B8B /* BookObtain */,
				0A3C26CA2265A4BC00C23ABE /* Aggregate */,
			);
		};
/* End PBXProject section */

/* Begin PBXShellScriptBuildPhase section */
		0A3C26D02265A4DD00C23ABE /* ShellScript */ = {
			isa = PBXShellScriptBuildPhase;
			buildActionMask = 2147483647;
			files = (
			);
			inputFileListPaths = (
			);
			inputPaths = (
			);
			outputFileListPaths = (
			);
			outputPaths = (
			);
			runOnlyForDeploymentPostprocessing = 0;
			shellPath = /bin/sh;
			shellScript = "#!/bin/sh\nsh ./Scripts/build-lib.sh\n";
		};
/* End PBXShellScriptBuildPhase section */

/* Begin PBXSourcesBuildPhase section */
		0A209CE622644BC9005E7B8B /* Sources */ = {
			isa = PBXSourcesBuildPhase;
			buildActionMask = 2147483647;
			files = (
				0A209CEF22644BC9005E7B8B /* BookObtain.m in Sources */,
			);
			runOnlyForDeploymentPostprocessing = 0;
		};
/* End PBXSourcesBuildPhase section */

/* Begin PBXTargetDependency section */
		0A3C26CF2265A4D100C23ABE /* PBXTargetDependency */ = {
			isa = PBXTargetDependency;
			target = 0A209CE922644BC9005E7B8B /* BookObtain */;
			targetProxy = 0A3C26CE2265A4D100C23ABE /* PBXContainerItemProxy */;
		};
/* End PBXTargetDependency section */

/* Begin XCBuildConfiguration section */
		0A209CF122644BC9005E7B8B /* Debug */ = {
			isa = XCBuildConfiguration;
			buildSettings = {
				ALWAYS_SEARCH_USER_PATHS = NO;
				CLANG_ANALYZER_NONNULL = YES;
				CLANG_ANALYZER_NUMBER_OBJECT_CONVERSION = YES_AGGRESSIVE;
				CLANG_CXX_LANGUAGE_STANDARD = "gnu++14";
				CLANG_CXX_LIBRARY = "libc++";
				CLANG_ENABLE_MODULES = YES;
				CLANG_ENABLE_OBJC_ARC = YES;
				CLANG_ENABLE_OBJC_WEAK = YES;
				CLANG_WARN_BLOCK_CAPTURE_AUTORELEASING = YES;
				CLANG_WARN_BOOL_CONVERSION = YES;
				CLANG_WARN_COMMA = YES;
				CLANG_WARN_CONSTANT_CONVERSION = YES;
				CLANG_WARN_DEPRECATED_OBJC_IMPLEMENTATIONS = YES;
				CLANG_WARN_DIRECT_OBJC_ISA_USAGE = YES_ERROR;
				CLANG_WARN_DOCUMENTATION_COMMENTS = YES;
				CLANG_WARN_EMPTY_BODY = YES;
				CLANG_WARN_ENUM_CONVERSION = YES;
				CLANG_WARN_INFINITE_RECURSION = YES;
				CLANG_WARN_INT_CONVERSION = YES;
				CLANG_WARN_NON_LITERAL_NULL_CONVERSION = YES;
				CLANG_WARN_OBJC_IMPLICIT_RETAIN_SELF = YES;
				CLANG_WARN_OBJC_LITERAL_CONVERSION = YES;
				CLANG_WARN_OBJC_ROOT_CLASS = YES_ERROR;
				CLANG_WARN_RANGE_LOOP_ANALYSIS = YES;
				CLANG_WARN_STRICT_PROTOTYPES = YES;
				CLANG_WARN_SUSPICIOUS_MOVE = YES;
				CLANG_WARN_UNGUARDED_AVAILABILITY = YES_AGGRESSIVE;
				CLANG_WARN_UNREACHABLE_CODE = YES;
				CLANG_WARN__DUPLICATE_METHOD_MATCH = YES;
				CODE_SIGN_IDENTITY = "iPhone Developer";
				COPY_PHASE_STRIP = NO;
				DEBUG_INFORMATION_FORMAT = dwarf;
				ENABLE_STRICT_OBJC_MSGSEND = YES;
				ENABLE_TESTABILITY = YES;
				GCC_C_LANGUAGE_STANDARD = gnu11;
				GCC_DYNAMIC_NO_PIC = NO;
				GCC_NO_COMMON_BLOCKS = YES;
				GCC_OPTIMIZATION_LEVEL = 0;
				GCC_PREPROCESSOR_DEFINITIONS = (
					"DEBUG=1",
					"$(inherited)",
				);
				GCC_WARN_64_TO_32_BIT_CONVERSION = YES;
				GCC_WARN_ABOUT_RETURN_TYPE = YES_ERROR;
				GCC_WARN_UNDECLARED_SELECTOR = YES;
				GCC_WARN_UNINITIALIZED_AUTOS = YES_AGGRESSIVE;
				GCC_WARN_UNUSED_FUNCTION = YES;
				GCC_WARN_UNUSED_VARIABLE = YES;
				IPHONEOS_DEPLOYMENT_TARGET = 8;
				MTL_ENABLE_DEBUG_INFO = INCLUDE_SOURCE;
				MTL_FAST_MATH = YES;
				ONLY_ACTIVE_ARCH = YES;
				SDKROOT = iphoneos;
			};
			name = Debug;
		};
		0A209CF222644BC9005E7B8B /* Release */ = {
			isa = XCBuildConfiguration;
			buildSettings = {
				ALWAYS_SEARCH_USER_PATHS = NO;
				CLANG_ANALYZER_NONNULL = YES;
				CLANG_ANALYZER_NUMBER_OBJECT_CONVERSION = YES_AGGRESSIVE;
				CLANG_CXX_LANGUAGE_STANDARD = "gnu++14";
				CLANG_CXX_LIBRARY = "libc++";
				CLANG_ENABLE_MODULES = YES;
				CLANG_ENABLE_OBJC_ARC = YES;
				CLANG_ENABLE_OBJC_WEAK = YES;
				CLANG_WARN_BLOCK_CAPTURE_AUTORELEASING = YES;
				CLANG_WARN_BOOL_CONVERSION = YES;
				CLANG_WARN_COMMA = YES;
				CLANG_WARN_CONSTANT_CONVERSION = YES;
				CLANG_WARN_DEPRECATED_OBJC_IMPLEMENTATIONS = YES;
				CLANG_WARN_DIRECT_OBJC_ISA_USAGE = YES_ERROR;
				CLANG_WARN_DOCUMENTATION_COMMENTS = YES;
				CLANG_WARN_EMPTY_BODY = YES;
				CLANG_WARN_ENUM_CONVERSION = YES;
				CLANG_WARN_INFINITE_RECURSION = YES;
				CLANG_WARN_INT_CONVERSION = YES;
				CLANG_WARN_NON_LITERAL_NULL_CONVERSION = YES;
				CLANG_WARN_OBJC_IMPLICIT_RETAIN_SELF = YES;
				CLANG_WARN_OBJC_LITERAL_CONVERSION = YES;
				CLANG_WARN_OBJC_ROOT_CLASS = YES_ERROR;
				CLANG_WARN_RANGE_LOOP_ANALYSIS = YES;
				CLANG_WARN_STRICT_PROTOTYPES = YES;
				CLANG_WARN_SUSPICIOUS_MOVE = YES;
				CLANG_WARN_UNGUARDED_AVAILABILITY = YES_AGGRESSIVE;
				CLANG_WARN_UNREACHABLE_CODE = YES;
				CLANG_WARN__DUPLICATE_METHOD_MATCH = YES;
				CODE_SIGN_IDENTITY = "iPhone Developer";
				COPY_PHASE_STRIP = NO;
				DEBUG_INFORMATION_FORMAT = "dwarf-with-dsym";
				ENABLE_NS_ASSERTIONS = NO;
				ENABLE_STRICT_OBJC_MSGSEND = YES;
				GCC_C_LANGUAGE_STANDARD = gnu11;
				GCC_NO_COMMON_BLOCKS = YES;
				GCC_WARN_64_TO_32_BIT_CONVERSION = YES;
				GCC_WARN_ABOUT_RETURN_TYPE = YES_ERROR;
				GCC_WARN_UNDECLARED_SELECTOR = YES;
				GCC_WARN_UNINITIALIZED_AUTOS = YES_AGGRESSIVE;
				GCC_WARN_UNUSED_FUNCTION = YES;
				GCC_WARN_UNUSED_VARIABLE = YES;
				IPHONEOS_DEPLOYMENT_TARGET = 8;
				MTL_ENABLE_DEBUG_INFO = NO;
				MTL_FAST_MATH = YES;
				SDKROOT = iphoneos;
				VALIDATE_PRODUCT = YES;
			};
			name = Release;
		};
		0A209CF422644BC9005E7B8B /* Debug */ = {
			isa = XCBuildConfiguration;
			buildSettings = {
				CODE_SIGN_STYLE = Automatic;
				DEVELOPMENT_TEAM = 294Q8452TK;
				OTHER_LDFLAGS = "-ObjC";
				PRODUCT_NAME = "$(TARGET_NAME)";
				SKIP_INSTALL = YES;
				TARGETED_DEVICE_FAMILY = "1,2";
			};
			name = Debug;
		};
		0A209CF522644BC9005E7B8B /* Release */ = {
			isa = XCBuildConfiguration;
			buildSettings = {
				CODE_SIGN_STYLE = Automatic;
				DEVELOPMENT_TEAM = 294Q8452TK;
				OTHER_LDFLAGS = "-ObjC";
				PRODUCT_NAME = "$(TARGET_NAME)";
				SKIP_INSTALL = YES;
				TARGETED_DEVICE_FAMILY = "1,2";
			};
			name = Release;
		};
		0A3C26CC2265A4BC00C23ABE /* Debug */ = {
			isa = XCBuildConfiguration;
			buildSettings = {
				CODE_SIGN_STYLE = Automatic;
				DEVELOPMENT_TEAM = 294Q8452TK;
				PRODUCT_NAME = "$(TARGET_NAME)";
			};
			name = Debug;
		};
		0A3C26CD2265A4BC00C23ABE /* Release */ = {
			isa = XCBuildConfiguration;
			buildSettings = {
				CODE_SIGN_STYLE = Automatic;
				DEVELOPMENT_TEAM = 294Q8452TK;
				PRODUCT_NAME = "$(TARGET_NAME)";
			};
			name = Release;
		};
/* End XCBuildConfiguration section */

/* Begin XCConfigurationList section */
		0A209CE522644BC9005E7B8B /* Build configuration list for PBXProject "BookObtain" */ = {
			isa = XCConfigurationList;
			buildConfigurations = (
				0A209CF122644BC9005E7B8B /* Debug */,
				0A209CF222644BC9005E7B8B /* Release */,
			);
			defaultConfigurationIsVisible = 0;
			defaultConfigurationName = Release;
		};
		0A209CF322644BC9005E7B8B /* Build configuration list for PBXNativeTarget "BookObtain" */ = {
			isa = XCConfigurationList;
			buildConfigurations = (
				0A209CF422644BC9005E7B8B /* Debug */,
				0A209CF522644BC9005E7B8B /* Release */,
			);
			defaultConfigurationIsVisible = 0;
			defaultConfigurationName = Release;
		};
		0A3C26CB2265A4BC00C23ABE /* Build configuration list for PBXAggregateTarget "Aggregate" */ = {
			isa = XCConfigurationList;
			buildConfigurations = (
				0A3C26CC2265A4BC00C23ABE /* Debug */,
				0A3C26CD2265A4BC00C23ABE /* Release */,
			);
			defaultConfigurationIsVisible = 0;
			defaultConfigurationName = Release;
		};
/* End XCConfigurationList section */
	};
	rootObject = 0A209CE222644BC9005E7B8B /* Project object */;
}
