// !$*UTF8*$!
{
	archiveVersion = 1;
	classes = {
	};
	objectVersion = 50;
	objects = {

/* Begin PBXBuildFile section */
		0A209CB122644B46005E7B8B /* AppDelegate.m in Sources */ = {isa = PBXBuildFile; fileRef = 0A209CB022644B46005E7B8B /* AppDelegate.m */; };
		0A209CB422644B46005E7B8B /* ViewController.m in Sources */ = {isa = PBXBuildFile; fileRef = 0A209CB322644B46005E7B8B /* ViewController.m */; };
		0A209CB722644B46005E7B8B /* Main.storyboard in Resources */ = {isa = PBXBuildFile; fileRef = 0A209CB522644B46005E7B8B /* Main.storyboard */; };
		0A209CB922644B48005E7B8B /* Assets.xcassets in Resources */ = {isa = PBXBuildFile; fileRef = 0A209CB822644B48005E7B8B /* Assets.xcassets */; };
		0A209CBC22644B48005E7B8B /* LaunchScreen.storyboard in Resources */ = {isa = PBXBuildFile; fileRef = 0A209CBA22644B48005E7B8B /* LaunchScreen.storyboard */; };
		0A209CBF22644B48005E7B8B /* main.m in Sources */ = {isa = PBXBuildFile; fileRef = 0A209CBE22644B48005E7B8B /* main.m */; };
		0A209CC922644B48005E7B8B /* BookManagerTests.m in Sources */ = {isa = PBXBuildFile; fileRef = 0A209CC822644B48005E7B8B /* BookManagerTests.m */; };
		0A209CD422644B48005E7B8B /* BookManagerUITests.m in Sources */ = {isa = PBXBuildFile; fileRef = 0A209CD322644B48005E7B8B /* BookManagerUITests.m */; };
		0A209D0322645612005E7B8B /* CallingViewController.m in Sources */ = {isa = PBXBuildFile; fileRef = 0A209D0122645612005E7B8B /* CallingViewController.m */; };
		0A209D0422645612005E7B8B /* CallingViewController.xib in Resources */ = {isa = PBXBuildFile; fileRef = 0A209D0222645612005E7B8B /* CallingViewController.xib */; };
		0A209D08226456B4005E7B8B /* CallKit.m in Sources */ = {isa = PBXBuildFile; fileRef = 0A209D07226456B4005E7B8B /* CallKit.m */; };
		0A3C27792265C38800C23ABE /* SellLib.framework in Frameworks */ = {isa = PBXBuildFile; fileRef = 0A3C27782265C38800C23ABE /* SellLib.framework */; };
		0A3C277B2265C3DE00C23ABE /* BookImage.bundle in Resources */ = {isa = PBXBuildFile; fileRef = 0A3C277A2265C3DE00C23ABE /* BookImage.bundle */; };
		0A3C277F2265C41200C23ABE /* libBookObtain.a in Frameworks */ = {isa = PBXBuildFile; fileRef = 0A3C277E2265C41200C23ABE /* libBookObtain.a */; };
/* End PBXBuildFile section */

/* Begin PBXContainerItemProxy section */
		0A209CC522644B48005E7B8B /* PBXContainerItemProxy */ = {
			isa = PBXContainerItemProxy;
			containerPortal = 0A209CA422644B46005E7B8B /* Project object */;
			proxyType = 1;
			remoteGlobalIDString = 0A209CAB22644B46005E7B8B;
			remoteInfo = BookManager;
		};
		0A209CD022644B48005E7B8B /* PBXContainerItemProxy */ = {
			isa = PBXContainerItemProxy;
			containerPortal = 0A209CA422644B46005E7B8B /* Project object */;
			proxyType = 1;
			remoteGlobalIDString = 0A209CAB22644B46005E7B8B;
			remoteInfo = BookManager;
		};
/* End PBXContainerItemProxy section */

/* Begin PBXCopyFilesBuildPhase section */
		0A3C27332265C0C900C23ABE /* Embed Frameworks */ = {
			isa = PBXCopyFilesBuildPhase;
			buildActionMask = 2147483647;
			dstPath = "";
			dstSubfolderSpec = 10;
			files = (
			);
			name = "Embed Frameworks";
			runOnlyForDeploymentPostprocessing = 0;
		};
/* End PBXCopyFilesBuildPhase section */

/* Begin PBXFileReference section */
		0A209CAC22644B46005E7B8B /* BookManager.app */ = {isa = PBXFileReference; explicitFileType = wrapper.application; includeInIndex = 0; path = BookManager.app; sourceTree = BUILT_PRODUCTS_DIR; };
		0A209CAF22644B46005E7B8B /* AppDelegate.h */ = {isa = PBXFileReference; lastKnownFileType = sourcecode.c.h; path = AppDelegate.h; sourceTree = "<group>"; };
		0A209CB022644B46005E7B8B /* AppDelegate.m */ = {isa = PBXFileReference; lastKnownFileType = sourcecode.c.objc; path = AppDelegate.m; sourceTree = "<group>"; };
		0A209CB222644B46005E7B8B /* ViewController.h */ = {isa = PBXFileReference; lastKnownFileType = sourcecode.c.h; path = ViewController.h; sourceTree = "<group>"; };
		0A209CB322644B46005E7B8B /* ViewController.m */ = {isa = PBXFileReference; lastKnownFileType = sourcecode.c.objc; path = ViewController.m; sourceTree = "<group>"; };
		0A209CB622644B46005E7B8B /* Base */ = {isa = PBXFileReference; lastKnownFileType = file.storyboard; name = Base; path = Base.lproj/Main.storyboard; sourceTree = "<group>"; };
		0A209CB822644B48005E7B8B /* Assets.xcassets */ = {isa = PBXFileReference; lastKnownFileType = folder.assetcatalog; path = Assets.xcassets; sourceTree = "<group>"; };
		0A209CBB22644B48005E7B8B /* Base */ = {isa = PBXFileReference; lastKnownFileType = file.storyboard; name = Base; path = Base.lproj/LaunchScreen.storyboard; sourceTree = "<group>"; };
		0A209CBD22644B48005E7B8B /* Info.plist */ = {isa = PBXFileReference; lastKnownFileType = text.plist.xml; path = Info.plist; sourceTree = "<group>"; };
		0A209CBE22644B48005E7B8B /* main.m */ = {isa = PBXFileReference; lastKnownFileType = sourcecode.c.objc; path = main.m; sourceTree = "<group>"; };
		0A209CC422644B48005E7B8B /* BookManagerTests.xctest */ = {isa = PBXFileReference; explicitFileType = wrapper.cfbundle; includeInIndex = 0; path = BookManagerTests.xctest; sourceTree = BUILT_PRODUCTS_DIR; };
		0A209CC822644B48005E7B8B /* BookManagerTests.m */ = {isa = PBXFileReference; lastKnownFileType = sourcecode.c.objc; path = BookManagerTests.m; sourceTree = "<group>"; };
		0A209CCA22644B48005E7B8B /* Info.plist */ = {isa = PBXFileReference; lastKnownFileType = text.plist.xml; path = Info.plist; sourceTree = "<group>"; };
		0A209CCF22644B48005E7B8B /* BookManagerUITests.xctest */ = {isa = PBXFileReference; explicitFileType = wrapper.cfbundle; includeInIndex = 0; path = BookManagerUITests.xctest; sourceTree = BUILT_PRODUCTS_DIR; };
		0A209CD322644B48005E7B8B /* BookManagerUITests.m */ = {isa = PBXFileReference; lastKnownFileType = sourcecode.c.objc; path = BookManagerUITests.m; sourceTree = "<group>"; };
		0A209CD522644B48005E7B8B /* Info.plist */ = {isa = PBXFileReference; lastKnownFileType = text.plist.xml; path = Info.plist; sourceTree = "<group>"; };
		0A209CF722644DDF005E7B8B /* libBookObtain.a */ = {isa = PBXFileReference; explicitFileType = archive.ar; path = libBookObtain.a; sourceTree = BUILT_PRODUCTS_DIR; };
		0A209D0022645612005E7B8B /* CallingViewController.h */ = {isa = PBXFileReference; lastKnownFileType = sourcecode.c.h; path = CallingViewController.h; sourceTree = "<group>"; };
		0A209D0122645612005E7B8B /* CallingViewController.m */ = {isa = PBXFileReference; lastKnownFileType = sourcecode.c.objc; path = CallingViewController.m; sourceTree = "<group>"; };
		0A209D0222645612005E7B8B /* CallingViewController.xib */ = {isa = PBXFileReference; lastKnownFileType = file.xib; path = CallingViewController.xib; sourceTree = "<group>"; };
		0A209D06226456B4005E7B8B /* CallKit.h */ = {isa = PBXFileReference; lastKnownFileType = sourcecode.c.h; path = CallKit.h; sourceTree = "<group>"; };
		0A209D07226456B4005E7B8B /* CallKit.m */ = {isa = PBXFileReference; lastKnownFileType = sourcecode.c.objc; path = CallKit.m; sourceTree = "<group>"; };
		0A3C26F92265AB3500C23ABE /* BookObtainBundle.framework */ = {isa = PBXFileReference; explicitFileType = wrapper.framework; path = BookObtainBundle.framework; sourceTree = BUILT_PRODUCTS_DIR; };
		0A3C26FB2265AB6A00C23ABE /* SellLib.framework */ = {isa = PBXFileReference; explicitFileType = wrapper.framework; path = SellLib.framework; sourceTree = BUILT_PRODUCTS_DIR; };
		0A3C27782265C38800C23ABE /* SellLib.framework */ = {isa = PBXFileReference; lastKnownFileType = wrapper.framework; path = SellLib.framework; sourceTree = "<group>"; };
		0A3C277A2265C3DE00C23ABE /* BookImage.bundle */ = {isa = PBXFileReference; lastKnownFileType = "wrapper.plug-in"; path = BookImage.bundle; sourceTree = "<group>"; };
		0A3C277D2265C41200C23ABE /* BookObtain.h */ = {isa = PBXFileReference; fileEncoding = 4; lastKnownFileType = sourcecode.c.h; path = BookObtain.h; sourceTree = "<group>"; };
		0A3C277E2265C41200C23ABE /* libBookObtain.a */ = {isa = PBXFileReference; lastKnownFileType = archive.ar; path = libBookObtain.a; sourceTree = "<group>"; };
/* End PBXFileReference section */

/* Begin PBXFrameworksBuildPhase section */
		0A209CA922644B46005E7B8B /* Frameworks */ = {
			isa = PBXFrameworksBuildPhase;
			buildActionMask = 2147483647;
			files = (
				0A3C27792265C38800C23ABE /* SellLib.framework in Frameworks */,
				0A3C277F2265C41200C23ABE /* libBookObtain.a in Frameworks */,
			);
			runOnlyForDeploymentPostprocessing = 0;
		};
		0A209CC122644B48005E7B8B /* Frameworks */ = {
			isa = PBXFrameworksBuildPhase;
			buildActionMask = 2147483647;
			files = (
			);
			runOnlyForDeploymentPostprocessing = 0;
		};
		0A209CCC22644B48005E7B8B /* Frameworks */ = {
			isa = PBXFrameworksBuildPhase;
			buildActionMask = 2147483647;
			files = (
			);
			runOnlyForDeploymentPostprocessing = 0;
		};
/* End PBXFrameworksBuildPhase section */

/* Begin PBXGroup section */
		0A209CA322644B46005E7B8B = {
			isa = PBXGroup;
			children = (
				0A209CAE22644B46005E7B8B /* BookManager */,
				0A209CC722644B48005E7B8B /* BookManagerTests */,
				0A209CD222644B48005E7B8B /* BookManagerUITests */,
				0A209CAD22644B46005E7B8B /* Products */,
				0A209CF622644DDF005E7B8B /* Frameworks */,
			);
			sourceTree = "<group>";
		};
		0A209CAD22644B46005E7B8B /* Products */ = {
			isa = PBXGroup;
			children = (
				0A209CAC22644B46005E7B8B /* BookManager.app */,
				0A209CC422644B48005E7B8B /* BookManagerTests.xctest */,
				0A209CCF22644B48005E7B8B /* BookManagerUITests.xctest */,
			);
			name = Products;
			sourceTree = "<group>";
		};
		0A209CAE22644B46005E7B8B /* BookManager */ = {
			isa = PBXGroup;
			children = (
				0A3C27242265BECA00C23ABE /* Framework */,
				0A209D05226456A8005E7B8B /* Tool */,
				0A209CFB226455B1005E7B8B /* AppDelegate */,
				0A209CFC226455BA005E7B8B /* Section */,
				0A209CFE226455CC005E7B8B /* Others */,
			);
			path = BookManager;
			sourceTree = "<group>";
		};
		0A209CC722644B48005E7B8B /* BookManagerTests */ = {
			isa = PBXGroup;
			children = (
				0A209CC822644B48005E7B8B /* BookManagerTests.m */,
				0A209CCA22644B48005E7B8B /* Info.plist */,
			);
			path = BookManagerTests;
			sourceTree = "<group>";
		};
		0A209CD222644B48005E7B8B /* BookManagerUITests */ = {
			isa = PBXGroup;
			children = (
				0A209CD322644B48005E7B8B /* BookManagerUITests.m */,
				0A209CD522644B48005E7B8B /* Info.plist */,
			);
			path = BookManagerUITests;
			sourceTree = "<group>";
		};
		0A209CF622644DDF005E7B8B /* Frameworks */ = {
			isa = PBXGroup;
			children = (
				0A3C26FB2265AB6A00C23ABE /* SellLib.framework */,
				0A3C26F92265AB3500C23ABE /* BookObtainBundle.framework */,
				0A209CF722644DDF005E7B8B /* libBookObtain.a */,
			);
			name = Frameworks;
			sourceTree = "<group>";
		};
		0A209CFB226455B1005E7B8B /* AppDelegate */ = {
			isa = PBXGroup;
			children = (
				0A209CAF22644B46005E7B8B /* AppDelegate.h */,
				0A209CB022644B46005E7B8B /* AppDelegate.m */,
			);
			path = AppDelegate;
			sourceTree = "<group>";
		};
		0A209CFC226455BA005E7B8B /* Section */ = {
			isa = PBXGroup;
			children = (
				0A209CFF226455DC005E7B8B /* Calling */,
				0A209CFD226455C1005E7B8B /* Home */,
			);
			path = Section;
			sourceTree = "<group>";
		};
		0A209CFD226455C1005E7B8B /* Home */ = {
			isa = PBXGroup;
			children = (
				0A209CB222644B46005E7B8B /* ViewController.h */,
				0A209CB322644B46005E7B8B /* ViewController.m */,
				0A209CB522644B46005E7B8B /* Main.storyboard */,
			);
			path = Home;
			sourceTree = "<group>";
		};
		0A209CFE226455CC005E7B8B /* Others */ = {
			isa = PBXGroup;
			children = (
				0A209CB822644B48005E7B8B /* Assets.xcassets */,
				0A209CBA22644B48005E7B8B /* LaunchScreen.storyboard */,
				0A209CBD22644B48005E7B8B /* Info.plist */,
				0A209CBE22644B48005E7B8B /* main.m */,
			);
			name = Others;
			sourceTree = "<group>";
		};
		0A209CFF226455DC005E7B8B /* Calling */ = {
			isa = PBXGroup;
			children = (
				0A209D0022645612005E7B8B /* CallingViewController.h */,
				0A209D0122645612005E7B8B /* CallingViewController.m */,
				0A209D0222645612005E7B8B /* CallingViewController.xib */,
			);
			path = Calling;
			sourceTree = "<group>";
		};
		0A209D05226456A8005E7B8B /* Tool */ = {
			isa = PBXGroup;
			children = (
				0A209D06226456B4005E7B8B /* CallKit.h */,
				0A209D07226456B4005E7B8B /* CallKit.m */,
			);
			path = Tool;
			sourceTree = "<group>";
		};
		0A3C27242265BECA00C23ABE /* Framework */ = {
			isa = PBXGroup;
			children = (
				0A3C277C2265C41200C23ABE /* BookObtain */,
				0A3C277E2265C41200C23ABE /* libBookObtain.a */,
				0A3C277A2265C3DE00C23ABE /* BookImage.bundle */,
				0A3C27782265C38800C23ABE /* SellLib.framework */,
			);
			path = Framework;
			sourceTree = "<group>";
		};
		0A3C277C2265C41200C23ABE /* BookObtain */ = {
			isa = PBXGroup;
			children = (
				0A3C277D2265C41200C23ABE /* BookObtain.h */,
			);
			path = BookObtain;
			sourceTree = "<group>";
		};
/* End PBXGroup section */

/* Begin PBXNativeTarget section */
		0A209CAB22644B46005E7B8B /* BookManager */ = {
			isa = PBXNativeTarget;
			buildConfigurationList = 0A209CD822644B48005E7B8B /* Build configuration list for PBXNativeTarget "BookManager" */;
			buildPhases = (
				0A209CA822644B46005E7B8B /* Sources */,
				0A209CA922644B46005E7B8B /* Frameworks */,
				0A209CAA22644B46005E7B8B /* Resources */,
				0A3C26C92265A00F00C23ABE /* BookObtain Resources */,
				0A3C27332265C0C900C23ABE /* Embed Frameworks */,
			);
			buildRules = (
			);
			dependencies = (
			);
			name = BookManager;
			productName = BookManager;
			productReference = 0A209CAC22644B46005E7B8B /* BookManager.app */;
			productType = "com.apple.product-type.application";
		};
		0A209CC322644B48005E7B8B /* BookManagerTests */ = {
			isa = PBXNativeTarget;
			buildConfigurationList = 0A209CDB22644B48005E7B8B /* Build configuration list for PBXNativeTarget "BookManagerTests" */;
			buildPhases = (
				0A209CC022644B48005E7B8B /* Sources */,
				0A209CC122644B48005E7B8B /* Frameworks */,
				0A209CC222644B48005E7B8B /* Resources */,
			);
			buildRules = (
			);
			dependencies = (
				0A209CC622644B48005E7B8B /* PBXTargetDependency */,
			);
			name = BookManagerTests;
			productName = BookManagerTests;
			productReference = 0A209CC422644B48005E7B8B /* BookManagerTests.xctest */;
			productType = "com.apple.product-type.bundle.unit-test";
		};
		0A209CCE22644B48005E7B8B /* BookManagerUITests */ = {
			isa = PBXNativeTarget;
			buildConfigurationList = 0A209CDE22644B48005E7B8B /* Build configuration list for PBXNativeTarget "BookManagerUITests" */;
			buildPhases = (
				0A209CCB22644B48005E7B8B /* Sources */,
				0A209CCC22644B48005E7B8B /* Frameworks */,
				0A209CCD22644B48005E7B8B /* Resources */,
			);
			buildRules = (
			);
			dependencies = (
				0A209CD122644B48005E7B8B /* PBXTargetDependency */,
			);
			name = BookManagerUITests;
			productName = BookManagerUITests;
			productReference = 0A209CCF22644B48005E7B8B /* BookManagerUITests.xctest */;
			productType = "com.apple.product-type.bundle.ui-testing";
		};
/* End PBXNativeTarget section */

/* Begin PBXProject section */
		0A209CA422644B46005E7B8B /* Project object */ = {
			isa = PBXProject;
			attributes = {
				LastUpgradeCheck = 1020;
				ORGANIZATIONNAME = JL;
				TargetAttributes = {
					0A209CAB22644B46005E7B8B = {
						CreatedOnToolsVersion = 10.2;
					};
					0A209CC322644B48005E7B8B = {
						CreatedOnToolsVersion = 10.2;
						TestTargetID = 0A209CAB22644B46005E7B8B;
					};
					0A209CCE22644B48005E7B8B = {
						CreatedOnToolsVersion = 10.2;
						TestTargetID = 0A209CAB22644B46005E7B8B;
					};
				};
			};
			buildConfigurationList = 0A209CA722644B46005E7B8B /* Build configuration list for PBXProject "BookManager" */;
			compatibilityVersion = "Xcode 9.3";
			developmentRegion = en;
			hasScannedForEncodings = 0;
			knownRegions = (
				en,
				Base,
			);
			mainGroup = 0A209CA322644B46005E7B8B;
			productRefGroup = 0A209CAD22644B46005E7B8B /* Products */;
			projectDirPath = "";
			projectRoot = "";
			targets = (
				0A209CAB22644B46005E7B8B /* BookManager */,
				0A209CC322644B48005E7B8B /* BookManagerTests */,
				0A209CCE22644B48005E7B8B /* BookManagerUITests */,
			);
		};
/* End PBXProject section */

/* Begin PBXResourcesBuildPhase section */
		0A209CAA22644B46005E7B8B /* Resources */ = {
			isa = PBXResourcesBuildPhase;
			buildActionMask = 2147483647;
			files = (
				0A209CBC22644B48005E7B8B /* LaunchScreen.storyboard in Resources */,
				0A209CB922644B48005E7B8B /* Assets.xcassets in Resources */,
				0A209CB722644B46005E7B8B /* Main.storyboard in Resources */,
				0A209D0422645612005E7B8B /* CallingViewController.xib in Resources */,
				0A3C277B2265C3DE00C23ABE /* BookImage.bundle in Resources */,
			);
			runOnlyForDeploymentPostprocessing = 0;
		};
		0A209CC222644B48005E7B8B /* Resources */ = {
			isa = PBXResourcesBuildPhase;
			buildActionMask = 2147483647;
			files = (
			);
			runOnlyForDeploymentPostprocessing = 0;
		};
		0A209CCD22644B48005E7B8B /* Resources */ = {
			isa = PBXResourcesBuildPhase;
			buildActionMask = 2147483647;
			files = (
			);
			runOnlyForDeploymentPostprocessing = 0;
		};
/* End PBXResourcesBuildPhase section */

/* Begin PBXShellScriptBuildPhase section */
		0A3C26C92265A00F00C23ABE /* BookObtain Resources */ = {
			isa = PBXShellScriptBuildPhase;
			buildActionMask = 2147483647;
			files = (
			);
			inputFileListPaths = (
			);
			inputPaths = (
			);
			name = "BookObtain Resources";
			outputFileListPaths = (
			);
			outputPaths = (
			);
			runOnlyForDeploymentPostprocessing = 0;
			shellPath = /bin/sh;
			shellScript = "
";
		};
/* End PBXShellScriptBuildPhase section */

/* Begin PBXSourcesBuildPhase section */
		0A209CA822644B46005E7B8B /* Sources */ = {
			isa = PBXSourcesBuildPhase;
			buildActionMask = 2147483647;
			files = (
				0A209CB422644B46005E7B8B /* ViewController.m in Sources */,
				0A209D08226456B4005E7B8B /* CallKit.m in Sources */,
				0A209CBF22644B48005E7B8B /* main.m in Sources */,
				0A209CB122644B46005E7B8B /* AppDelegate.m in Sources */,
				0A209D0322645612005E7B8B /* CallingViewController.m in Sources */,
			);
			runOnlyForDeploymentPostprocessing = 0;
		};
		0A209CC022644B48005E7B8B /* Sources */ = {
			isa = PBXSourcesBuildPhase;
			buildActionMask = 2147483647;
			files = (
				0A209CC922644B48005E7B8B /* BookManagerTests.m in Sources */,
			);
			runOnlyForDeploymentPostprocessing = 0;
		};
		0A209CCB22644B48005E7B8B /* Sources */ = {
			isa = PBXSourcesBuildPhase;
			buildActionMask = 2147483647;
			files = (
				0A209CD422644B48005E7B8B /* BookManagerUITests.m in Sources */,
			);
			runOnlyForDeploymentPostprocessing = 0;
		};
/* End PBXSourcesBuildPhase section */

/* Begin PBXTargetDependency section */
		0A209CC622644B48005E7B8B /* PBXTargetDependency */ = {
			isa = PBXTargetDependency;
			target = 0A209CAB22644B46005E7B8B /* BookManager */;
			targetProxy = 0A209CC522644B48005E7B8B /* PBXContainerItemProxy */;
		};
		0A209CD122644B48005E7B8B /* PBXTargetDependency */ = {
			isa = PBXTargetDependency;
			target = 0A209CAB22644B46005E7B8B /* BookManager */;
			targetProxy = 0A209CD022644B48005E7B8B /* PBXContainerItemProxy */;
		};
/* End PBXTargetDependency section */

/* Begin PBXVariantGroup section */
		0A209CB522644B46005E7B8B /* Main.storyboard */ = {
			isa = PBXVariantGroup;
			children = (
				0A209CB622644B46005E7B8B /* Base */,
			);
			name = Main.storyboard;
			sourceTree = "<group>";
		};
		0A209CBA22644B48005E7B8B /* LaunchScreen.storyboard */ = {
			isa = PBXVariantGroup;
			children = (
				0A209CBB22644B48005E7B8B /* Base */,
			);
			name = LaunchScreen.storyboard;
			sourceTree = "<group>";
		};
/* End PBXVariantGroup section */

/* Begin XCBuildConfiguration section */
		0A209CD622644B48005E7B8B /* Debug */ = {
			isa = XCBuildConfiguration;
			buildSettings = {
				ALWAYS_SEARCH_USER_PATHS = NO;
				CLANG_ANALYZER_NONNULL = YES;
				CLANG_ANALYZER_NUMBER_OBJECT_CONVERSION = YES_AGGRESSIVE;
				CLANG_CXX_LANGUAGE_STANDARD = "gnu++14";
				CLANG_CXX_LIBRARY = "libc++";
				CLANG_ENABLE_MODULES = YES;
				CLANG_ENABLE_OBJC_ARC = YES;
				CLANG_ENABLE_OBJC_WEAK = YES;
				CLANG_WARN_BLOCK_CAPTURE_AUTORELEASING = YES;
				CLANG_WARN_BOOL_CONVERSION = YES;
				CLANG_WARN_COMMA = YES;
				CLANG_WARN_CONSTANT_CONVERSION = YES;
				CLANG_WARN_DEPRECATED_OBJC_IMPLEMENTATIONS = YES;
				CLANG_WARN_DIRECT_OBJC_ISA_USAGE = YES_ERROR;
				CLANG_WARN_DOCUMENTATION_COMMENTS = YES;
				CLANG_WARN_EMPTY_BODY = YES;
				CLANG_WARN_ENUM_CONVERSION = YES;
				CLANG_WARN_INFINITE_RECURSION = YES;
				CLANG_WARN_INT_CONVERSION = YES;
				CLANG_WARN_NON_LITERAL_NULL_CONVERSION = YES;
				CLANG_WARN_OBJC_IMPLICIT_RETAIN_SELF = YES;
				CLANG_WARN_OBJC_LITERAL_CONVERSION = YES;
				CLANG_WARN_OBJC_ROOT_CLASS = YES_ERROR;
				CLANG_WARN_RANGE_LOOP_ANALYSIS = YES;
				CLANG_WARN_STRICT_PROTOTYPES = YES;
				CLANG_WARN_SUSPICIOUS_MOVE = YES;
				CLANG_WARN_UNGUARDED_AVAILABILITY = YES_AGGRESSIVE;
				CLANG_WARN_UNREACHABLE_CODE = YES;
				CLANG_WARN__DUPLICATE_METHOD_MATCH = YES;
				CODE_SIGN_IDENTITY = "iPhone Developer";
				COPY_PHASE_STRIP = NO;
				DEBUG_INFORMATION_FORMAT = dwarf;
				ENABLE_STRICT_OBJC_MSGSEND = YES;
				ENABLE_TESTABILITY = YES;
				GCC_C_LANGUAGE_STANDARD = gnu11;
				GCC_DYNAMIC_NO_PIC = NO;
				GCC_NO_COMMON_BLOCKS = YES;
				GCC_OPTIMIZATION_LEVEL = 0;
				GCC_PREPROCESSOR_DEFINITIONS = (
					"DEBUG=1",
					"$(inherited)",
				);
				GCC_WARN_64_TO_32_BIT_CONVERSION = YES;
				GCC_WARN_ABOUT_RETURN_TYPE = YES_ERROR;
				GCC_WARN_UNDECLARED_SELECTOR = YES;
				GCC_WARN_UNINITIALIZED_AUTOS = YES_AGGRESSIVE;
				GCC_WARN_UNUSED_FUNCTION = YES;
				GCC_WARN_UNUSED_VARIABLE = YES;
				IPHONEOS_DEPLOYMENT_TARGET = 10.0;
				MTL_ENABLE_DEBUG_INFO = INCLUDE_SOURCE;
				MTL_FAST_MATH = YES;
				ONLY_ACTIVE_ARCH = YES;
				SDKROOT = iphoneos;
			};
			name = Debug;
		};
		0A209CD722644B48005E7B8B /* Release */ = {
			isa = XCBuildConfiguration;
			buildSettings = {
				ALWAYS_SEARCH_USER_PATHS = NO;
				CLANG_ANALYZER_NONNULL = YES;
				CLANG_ANALYZER_NUMBER_OBJECT_CONVERSION = YES_AGGRESSIVE;
				CLANG_CXX_LANGUAGE_STANDARD = "gnu++14";
				CLANG_CXX_LIBRARY = "libc++";
				CLANG_ENABLE_MODULES = YES;
				CLANG_ENABLE_OBJC_ARC = YES;
				CLANG_ENABLE_OBJC_WEAK = YES;
				CLANG_WARN_BLOCK_CAPTURE_AUTORELEASING = YES;
				CLANG_WARN_BOOL_CONVERSION = YES;
				CLANG_WARN_COMMA = YES;
				CLANG_WARN_CONSTANT_CONVERSION = YES;
				CLANG_WARN_DEPRECATED_OBJC_IMPLEMENTATIONS = YES;
				CLANG_WARN_DIRECT_OBJC_ISA_USAGE = YES_ERROR;
				CLANG_WARN_DOCUMENTATION_COMMENTS = YES;
				CLANG_WARN_EMPTY_BODY = YES;
				CLANG_WARN_ENUM_CONVERSION = YES;
				CLANG_WARN_INFINITE_RECURSION = YES;
				CLANG_WARN_INT_CONVERSION = YES;
				CLANG_WARN_NON_LITERAL_NULL_CONVERSION = YES;
				CLANG_WARN_OBJC_IMPLICIT_RETAIN_SELF = YES;
				CLANG_WARN_OBJC_LITERAL_CONVERSION = YES;
				CLANG_WARN_OBJC_ROOT_CLASS = YES_ERROR;
				CLANG_WARN_RANGE_LOOP_ANALYSIS = YES;
				CLANG_WARN_STRICT_PROTOTYPES = YES;
				CLANG_WARN_SUSPICIOUS_MOVE = YES;
				CLANG_WARN_UNGUARDED_AVAILABILITY = YES_AGGRESSIVE;
				CLANG_WARN_UNREACHABLE_CODE = YES;
				CLANG_WARN__DUPLICATE_METHOD_MATCH = YES;
				CODE_SIGN_IDENTITY = "iPhone Developer";
				COPY_PHASE_STRIP = NO;
				DEBUG_INFORMATION_FORMAT = "dwarf-with-dsym";
				ENABLE_NS_ASSERTIONS = NO;
				ENABLE_STRICT_OBJC_MSGSEND = YES;
				GCC_C_LANGUAGE_STANDARD = gnu11;
				GCC_NO_COMMON_BLOCKS = YES;
				GCC_WARN_64_TO_32_BIT_CONVERSION = YES;
				GCC_WARN_ABOUT_RETURN_TYPE = YES_ERROR;
				GCC_WARN_UNDECLARED_SELECTOR = YES;
				GCC_WARN_UNINITIALIZED_AUTOS = YES_AGGRESSIVE;
				GCC_WARN_UNUSED_FUNCTION = YES;
				GCC_WARN_UNUSED_VARIABLE = YES;
				IPHONEOS_DEPLOYMENT_TARGET = 10.0;
				MTL_ENABLE_DEBUG_INFO = NO;
				MTL_FAST_MATH = YES;
				SDKROOT = iphoneos;
				VALIDATE_PRODUCT = YES;
			};
			name = Release;
		};
		0A209CD922644B48005E7B8B /* Debug */ = {
			isa = XCBuildConfiguration;
			buildSettings = {
				ASSETCATALOG_COMPILER_APPICON_NAME = AppIcon;
				CODE_SIGN_STYLE = Automatic;
				DEVELOPMENT_TEAM = 294Q8452TK;
				FRAMEWORK_SEARCH_PATHS = "$(PROJECT_DIR)/BookManager/Framework";
				HEADER_SEARCH_PATHS = "$(SRCROOT)/../BookObtain";
				INFOPLIST_FILE = BookManager/Info.plist;
				LD_RUNPATH_SEARCH_PATHS = (
					"$(inherited)",
					"@executable_path/Frameworks",
				);
				LIBRARY_SEARCH_PATHS = (
					"$(inherited)",
					"$(PROJECT_DIR)/BookManager/Framework",
				);
				OTHER_LDFLAGS = (
					"-ObjC",
					"-all_load",
				);
				PRODUCT_BUNDLE_IDENTIFIER = com.6rooms.www.BookManager;
				PRODUCT_NAME = "$(TARGET_NAME)";
				TARGETED_DEVICE_FAMILY = "1,2";
			};
			name = Debug;
		};
		0A209CDA22644B48005E7B8B /* Release */ = {
			isa = XCBuildConfiguration;
			buildSettings = {
				ASSETCATALOG_COMPILER_APPICON_NAME = AppIcon;
				CODE_SIGN_STYLE = Automatic;
				DEVELOPMENT_TEAM = 294Q8452TK;
				FRAMEWORK_SEARCH_PATHS = "$(PROJECT_DIR)/BookManager/Framework";
				HEADER_SEARCH_PATHS = "$(SRCROOT)/../BookObtain";
				INFOPLIST_FILE = BookManager/Info.plist;
				LD_RUNPATH_SEARCH_PATHS = (
					"$(inherited)",
					"@executable_path/Frameworks",
				);
				LIBRARY_SEARCH_PATHS = (
					"$(inherited)",
					"$(PROJECT_DIR)/BookManager/Framework",
				);
				OTHER_LDFLAGS = (
					"-ObjC",
					"-all_load",
				);
				PRODUCT_BUNDLE_IDENTIFIER = com.6rooms.www.BookManager;
				PRODUCT_NAME = "$(TARGET_NAME)";
				TARGETED_DEVICE_FAMILY = "1,2";
			};
			name = Release;
		};
		0A209CDC22644B48005E7B8B /* Debug */ = {
			isa = XCBuildConfiguration;
			buildSettings = {
				BUNDLE_LOADER = "$(TEST_HOST)";
				CODE_SIGN_STYLE = Automatic;
				DEVELOPMENT_TEAM = 294Q8452TK;
				INFOPLIST_FILE = BookManagerTests/Info.plist;
				LD_RUNPATH_SEARCH_PATHS = (
					"$(inherited)",
					"@executable_path/Frameworks",
					"@loader_path/Frameworks",
				);
				PRODUCT_BUNDLE_IDENTIFIER = com.6rooms.www.BookManagerTests;
				PRODUCT_NAME = "$(TARGET_NAME)";
				TARGETED_DEVICE_FAMILY = "1,2";
				TEST_HOST = "$(BUILT_PRODUCTS_DIR)/BookManager.app/BookManager";
			};
			name = Debug;
		};
		0A209CDD22644B48005E7B8B /* Release */ = {
			isa = XCBuildConfiguration;
			buildSettings = {
				BUNDLE_LOADER = "$(TEST_HOST)";
				CODE_SIGN_STYLE = Automatic;
				DEVELOPMENT_TEAM = 294Q8452TK;
				INFOPLIST_FILE = BookManagerTests/Info.plist;
				LD_RUNPATH_SEARCH_PATHS = (
					"$(inherited)",
					"@executable_path/Frameworks",
					"@loader_path/Frameworks",
				);
				PRODUCT_BUNDLE_IDENTIFIER = com.6rooms.www.BookManagerTests;
				PRODUCT_NAME = "$(TARGET_NAME)";
				TARGETED_DEVICE_FAMILY = "1,2";
				TEST_HOST = "$(BUILT_PRODUCTS_DIR)/BookManager.app/BookManager";
			};
			name = Release;
		};
		0A209CDF22644B48005E7B8B /* Debug */ = {
			isa = XCBuildConfiguration;
			buildSettings = {
				CODE_SIGN_STYLE = Automatic;
				DEVELOPMENT_TEAM = 294Q8452TK;
				INFOPLIST_FILE = BookManagerUITests/Info.plist;
				LD_RUNPATH_SEARCH_PATHS = (
					"$(inherited)",
					"@executable_path/Frameworks",
					"@loader_path/Frameworks",
				);
				PRODUCT_BUNDLE_IDENTIFIER = com.6rooms.www.BookManagerUITests;
				PRODUCT_NAME = "$(TARGET_NAME)";
				TARGETED_DEVICE_FAMILY = "1,2";
				TEST_TARGET_NAME = BookManager;
			};
			name = Debug;
		};
		0A209CE022644B48005E7B8B /* Release */ = {
			isa = XCBuildConfiguration;
			buildSettings = {
				CODE_SIGN_STYLE = Automatic;
				DEVELOPMENT_TEAM = 294Q8452TK;
				INFOPLIST_FILE = BookManagerUITests/Info.plist;
				LD_RUNPATH_SEARCH_PATHS = (
					"$(inherited)",
					"@executable_path/Frameworks",
					"@loader_path/Frameworks",
				);
				PRODUCT_BUNDLE_IDENTIFIER = com.6rooms.www.BookManagerUITests;
				PRODUCT_NAME = "$(TARGET_NAME)";
				TARGETED_DEVICE_FAMILY = "1,2";
				TEST_TARGET_NAME = BookManager;
			};
			name = Release;
		};
/* End XCBuildConfiguration section */

/* Begin XCConfigurationList section */
		0A209CA722644B46005E7B8B /* Build configuration list for PBXProject "BookManager" */ = {
			isa = XCConfigurationList;
			buildConfigurations = (
				0A209CD622644B48005E7B8B /* Debug */,
				0A209CD722644B48005E7B8B /* Release */,
			);
			defaultConfigurationIsVisible = 0;
			defaultConfigurationName = Release;
		};
		0A209CD822644B48005E7B8B /* Build configuration list for PBXNativeTarget "BookManager" */ = {
			isa = XCConfigurationList;
			buildConfigurations = (
				0A209CD922644B48005E7B8B /* Debug */,
				0A209CDA22644B48005E7B8B /* Release */,
			);
			defaultConfigurationIsVisible = 0;
			defaultConfigurationName = Release;
		};
		0A209CDB22644B48005E7B8B /* Build configuration list for PBXNativeTarget "BookManagerTests" */ = {
			isa = XCConfigurationList;
			buildConfigurations = (
				0A209CDC22644B48005E7B8B /* Debug */,
				0A209CDD22644B48005E7B8B /* Release */,
			);
			defaultConfigurationIsVisible = 0;
			defaultConfigurationName = Release;
		};
		0A209CDE22644B48005E7B8B /* Build configuration list for PBXNativeTarget "BookManagerUITests" */ = {
			isa = XCConfigurationList;
			buildConfigurations = (
				0A209CDF22644B48005E7B8B /* Debug */,
				0A209CE022644B48005E7B8B /* Release */,
			);
			defaultConfigurationIsVisible = 0;
			defaultConfigurationName = Release;
		};
/* End XCConfigurationList section */
	};
	rootObject = 0A209CA422644B46005E7B8B /* Project object */;
}
